
Microsoft Visual Studio Solution File, Format Version 12.00
# Visual Studio Version 16
VisualStudioVersion = 16.0.31112.23
MinimumVisualStudioVersion = 10.0.40219.1
Project("{FAE04EC0-301F-11D3-BF4B-00C04F79EFBC}") = "HelpI.API", "HelpI.API\HelpI.API.csproj", "{C5D49FF0-C470-401B-9B71-43F85BBE4885}"
EndProject
Global
	GlobalSection(SolutionConfigurationPlatforms) = preSolution
		Debug|Any CPU = Debug|Any CPU
		Release|Any CPU = Release|Any CPU
	EndGlobalSection
	GlobalSection(ProjectConfigurationPlatforms) = postSolution
		{C5D49FF0-C470-401B-9B71-43F85BBE4885}.Debug|Any CPU.ActiveCfg = Debug|Any CPU
		{C5D49FF0-C470-401B-9B71-43F85BBE4885}.Debug|Any CPU.Build.0 = Debug|Any CPU
		{C5D49FF0-C470-401B-9B71-43F85BBE4885}.Release|Any CPU.ActiveCfg = Release|Any CPU
		{C5D49FF0-C470-401B-9B71-43F85BBE4885}.Release|Any CPU.Build.0 = Release|Any CPU
	EndGlobalSection
	GlobalSection(SolutionProperties) = preSolution
		HideSolutionNode = FALSE
	EndGlobalSection
	GlobalSection(ExtensibilityGlobals) = postSolution
		SolutionGuid = {3F7BBC85-83B9-4D46-8358-03BC552FF15E}
	EndGlobalSection
EndGlobal
